# This file was autogenerated by Stack.
# You should not edit this file by hand.
# For more information, please see the documentation at:
#   https://docs.haskellstack.org/en/stable/lock_files

packages:
- completed:
    pantry-tree:
      sha256: 1d22c40b256485ae3ca4ba23606bba2ef0d1b5fd759f9dcdf0e501b0c83f1959
      size: 4201
    hackage: algebraic-graphs-0.6@sha256:9b05e54b351a5141bc8fe46c095095627c34defc8375aa531a4753091a81f138,8755
  original:
    hackage: algebraic-graphs-0.6@sha256:9b05e54b351a5141bc8fe46c095095627c34defc8375aa531a4753091a81f138,8755
- completed:
    pantry-tree:
      sha256: fe513979693efb8777d5afdaf45ed6d958d09b3e9eb002ebbe6c297602d9f1cd
      size: 1896
    hackage: extra-1.7.10@sha256:e384751317577554f873812358fab022da02aa9a286c9341308fac83f4d766c5,2691
  original:
    hackage: extra-1.7.10@sha256:e384751317577554f873812358fab022da02aa9a286c9341308fac83f4d766c5,2691
- completed:
    pantry-tree:
      sha256: 3e62393d5c7671b21d8aa84ef9ee0550334053711c80b5beeca295466a6615c7
      size: 499
    hackage: clock-0.8.3@sha256:a692159828c2cd278eaec317b3a7e9fb6d7b787c8a19f086004d15d9fa1fd72c,4601
  original:
    hackage: clock-0.8.3@sha256:a692159828c2cd278eaec317b3a7e9fb6d7b787c8a19f086004d15d9fa1fd72c,4601
snapshots: []
